github.com/google/uuid v1.1.2 h1:EVhdT+1Kseyi1/pUmXKaFxYsDNy9RQYkMWRH68J/W7Y=
github.com/google/uuid v1.1.2/go.mod h1:TIyPZe4MgqvfeYDBFedMoGGpEw/LqOeaOT+nhxU+yHo=
github.com/groob/plist v0.0.0-20190114192801-a99fbe489d03 h1:z4Na/Ihs7LelUWfkSkr3sixCMwF3Ln1a/3K4eXynhBg=
github.com/groob/plist v0.0.0-20190114192801-a99fbe489d03/go.mod h1:qg2Nek0ND/hIr+nY8H1oVqEW2cLzVVNaAQ0QexOyjyc=
