github.com/google/uuid v1.6.0 h1:NIvaJDMOsjHA8n1jAhLSgzrAzy1Hgr+hNrb57e+94F0=
github.com/google/uuid v1.6.0/go.mod h1:TIyPZe4MgqvfeYDBFedMoGGpEw/LqOeaOT+nhxU+yHo=
github.com/micromdm/plist v0.2.0 h1:W/AuDP/0EB1xNhWvoP5qpE14oYeQSE+IaJqoeAU5SJ0=
github.com/micromdm/plist v0.2.0/go.mod h1:flkfm0od6GzyXBqI28h5sgEyi3iPO28W2t1Zm9LpwWs=
